// !$*UTF8*$!
{
	archiveVersion = 1;
	classes = {
	};
	objectVersion = 48;
	objects = {

/* Begin PBXBuildFile section */
		BE09587D2016AAC9005C9901 /* HomeHeaderItemCell.swift in Sources */ = {isa = PBXBuildFile; fileRef = BE09587C2016AAC9005C9901 /* HomeHeaderItemCell.swift */; };
		BE09587F2017BB18005C9901 /* MenuLauncher.swift in Sources */ = {isa = PBXBuildFile; fileRef = BE09587E2017BB18005C9901 /* MenuLauncher.swift */; };
		BE0958852017C1C9005C9901 /* MenuCell.swift in Sources */ = {isa = PBXBuildFile; fileRef = BE0958842017C1C9005C9901 /* MenuCell.swift */; };
		BE0958872017C636005C9901 /* Default-568h@2x.png in Resources */ = {isa = PBXBuildFile; fileRef = BE0958862017C636005C9901 /* Default-568h@2x.png */; };
		BE5F689920168606006F28EF /* AppDelegate.swift in Sources */ = {isa = PBXBuildFile; fileRef = BE5F689820168606006F28EF /* AppDelegate.swift */; };
		BE5F689B20168606006F28EF /* HomeController.swift in Sources */ = {isa = PBXBuildFile; fileRef = BE5F689A20168606006F28EF /* HomeController.swift */; };
		BE5F68A020168606006F28EF /* Assets.xcassets in Resources */ = {isa = PBXBuildFile; fileRef = BE5F689F20168606006F28EF /* Assets.xcassets */; };
		BE5F68A320168606006F28EF /* LaunchScreen.storyboard in Resources */ = {isa = PBXBuildFile; fileRef = BE5F68A120168606006F28EF /* LaunchScreen.storyboard */; };
		BE5F68AB20168892006F28EF /* StuffedNavController.swift in Sources */ = {isa = PBXBuildFile; fileRef = BE5F68AA20168892006F28EF /* StuffedNavController.swift */; };
		BE5F68AE201688ED006F28EF /* UIColor+themes.swift in Sources */ = {isa = PBXBuildFile; fileRef = BE5F68AD201688ED006F28EF /* UIColor+themes.swift */; };
		BE5F68B02016A6BF006F28EF /* HomeHeaderCell.swift in Sources */ = {isa = PBXBuildFile; fileRef = BE5F68AF2016A6BF006F28EF /* HomeHeaderCell.swift */; };
		BE5F68B22016A7F6006F28EF /* UIView+layout.swift in Sources */ = {isa = PBXBuildFile; fileRef = BE5F68B12016A7F6006F28EF /* UIView+layout.swift */; };
/* End PBXBuildFile section */

/* Begin PBXFileReference section */
		BE09587C2016AAC9005C9901 /* HomeHeaderItemCell.swift */ = {isa = PBXFileReference; lastKnownFileType = sourcecode.swift; path = HomeHeaderItemCell.swift; sourceTree = "<group>"; };
		BE09587E2017BB18005C9901 /* MenuLauncher.swift */ = {isa = PBXFileReference; lastKnownFileType = sourcecode.swift; path = MenuLauncher.swift; sourceTree = "<group>"; };
		BE0958842017C1C9005C9901 /* MenuCell.swift */ = {isa = PBXFileReference; lastKnownFileType = sourcecode.swift; path = MenuCell.swift; sourceTree = "<group>"; };
		BE0958862017C636005C9901 /* Default-568h@2x.png */ = {isa = PBXFileReference; lastKnownFileType = image.png; path = "Default-568h@2x.png"; sourceTree = "<group>"; };
		BE5F689520168606006F28EF /* StuffedIceCream.app */ = {isa = PBXFileReference; explicitFileType = wrapper.application; includeInIndex = 0; path = StuffedIceCream.app; sourceTree = BUILT_PRODUCTS_DIR; };
		BE5F689820168606006F28EF /* AppDelegate.swift */ = {isa = PBXFileReference; lastKnownFileType = sourcecode.swift; path = AppDelegate.swift; sourceTree = "<group>"; };
		BE5F689A20168606006F28EF /* HomeController.swift */ = {isa = PBXFileReference; lastKnownFileType = sourcecode.swift; path = HomeController.swift; sourceTree = "<group>"; };
		BE5F689F20168606006F28EF /* Assets.xcassets */ = {isa = PBXFileReference; lastKnownFileType = folder.assetcatalog; path = Assets.xcassets; sourceTree = "<group>"; };
		BE5F68A220168606006F28EF /* Base */ = {isa = PBXFileReference; lastKnownFileType = file.storyboard; name = Base; path = Base.lproj/LaunchScreen.storyboard; sourceTree = "<group>"; };
		BE5F68A420168607006F28EF /* Info.plist */ = {isa = PBXFileReference; lastKnownFileType = text.plist.xml; path = Info.plist; sourceTree = "<group>"; };
		BE5F68AA20168892006F28EF /* StuffedNavController.swift */ = {isa = PBXFileReference; lastKnownFileType = sourcecode.swift; path = StuffedNavController.swift; sourceTree = "<group>"; };
		BE5F68AD201688ED006F28EF /* UIColor+themes.swift */ = {isa = PBXFileReference; lastKnownFileType = sourcecode.swift; path = "UIColor+themes.swift"; sourceTree = "<group>"; };
		BE5F68AF2016A6BF006F28EF /* HomeHeaderCell.swift */ = {isa = PBXFileReference; lastKnownFileType = sourcecode.swift; path = HomeHeaderCell.swift; sourceTree = "<group>"; };
		BE5F68B12016A7F6006F28EF /* UIView+layout.swift */ = {isa = PBXFileReference; lastKnownFileType = sourcecode.swift; path = "UIView+layout.swift"; sourceTree = "<group>"; };
/* End PBXFileReference section */

/* Begin PBXFrameworksBuildPhase section */
		BE5F689220168606006F28EF /* Frameworks */ = {
			isa = PBXFrameworksBuildPhase;
			buildActionMask = 2147483647;
			files = (
			);
			runOnlyForDeploymentPostprocessing = 0;
		};
/* End PBXFrameworksBuildPhase section */

/* Begin PBXGroup section */
		BE0958802017BED1005C9901 /* Controllers */ = {
			isa = PBXGroup;
			children = (
				BE5F68AA20168892006F28EF /* StuffedNavController.swift */,
				BE5F689A20168606006F28EF /* HomeController.swift */,
				BE09587E2017BB18005C9901 /* MenuLauncher.swift */,
			);
			path = Controllers;
			sourceTree = "<group>";
		};
		BE0958812017BEE6005C9901 /* Views */ = {
			isa = PBXGroup;
			children = (
				BE09587C2016AAC9005C9901 /* HomeHeaderItemCell.swift */,
				BE5F68AF2016A6BF006F28EF /* HomeHeaderCell.swift */,
				BE0958842017C1C9005C9901 /* MenuCell.swift */,
			);
			path = Views;
			sourceTree = "<group>";
		};
		BE0958822017BEF3005C9901 /* Extensions */ = {
			isa = PBXGroup;
			children = (
				BE5F68AD201688ED006F28EF /* UIColor+themes.swift */,
				BE5F68B12016A7F6006F28EF /* UIView+layout.swift */,
			);
			path = Extensions;
			sourceTree = "<group>";
		};
		BE0958832017BF00005C9901 /* Resources */ = {
			isa = PBXGroup;
			children = (
				BE5F689F20168606006F28EF /* Assets.xcassets */,
				BE5F68A120168606006F28EF /* LaunchScreen.storyboard */,
				BE5F689820168606006F28EF /* AppDelegate.swift */,
			);
			path = Resources;
			sourceTree = "<group>";
		};
		BE5F688C20168606006F28EF = {
			isa = PBXGroup;
			children = (
				BE5F689720168606006F28EF /* StuffedIceCream */,
				BE5F689620168606006F28EF /* Products */,
			);
			sourceTree = "<group>";
		};
		BE5F689620168606006F28EF /* Products */ = {
			isa = PBXGroup;
			children = (
				BE5F689520168606006F28EF /* StuffedIceCream.app */,
			);
			name = Products;
			sourceTree = "<group>";
		};
		BE5F689720168606006F28EF /* StuffedIceCream */ = {
			isa = PBXGroup;
			children = (
				BE5F68A420168607006F28EF /* Info.plist */,
				BE0958862017C636005C9901 /* Default-568h@2x.png */,
				BE0958832017BF00005C9901 /* Resources */,
				BE0958822017BEF3005C9901 /* Extensions */,
				BE0958812017BEE6005C9901 /* Views */,
				BE0958802017BED1005C9901 /* Controllers */,
			);
			path = StuffedIceCream;
			sourceTree = "<group>";
		};
/* End PBXGroup section */

/* Begin PBXNativeTarget section */
		BE5F689420168606006F28EF /* StuffedIceCream */ = {
			isa = PBXNativeTarget;
			buildConfigurationList = BE5F68A720168607006F28EF /* Build configuration list for PBXNativeTarget "StuffedIceCream" */;
			buildPhases = (
				BE5F689120168606006F28EF /* Sources */,
				BE5F689220168606006F28EF /* Frameworks */,
				BE5F689320168606006F28EF /* Resources */,
			);
			buildRules = (
			);
			dependencies = (
			);
			name = StuffedIceCream;
			productName = StuffedIceCream;
			productReference = BE5F689520168606006F28EF /* StuffedIceCream.app */;
			productType = "com.apple.product-type.application";
		};
/* End PBXNativeTarget section */

/* Begin PBXProject section */
		BE5F688D20168606006F28EF /* Project object */ = {
			isa = PBXProject;
			attributes = {
				LastSwiftUpdateCheck = 0920;
				LastUpgradeCheck = 0920;
				ORGANIZATIONNAME = ByEldon;
				TargetAttributes = {
					BE5F689420168606006F28EF = {
						CreatedOnToolsVersion = 9.2;
						ProvisioningStyle = Automatic;
					};
				};
			};
			buildConfigurationList = BE5F689020168606006F28EF /* Build configuration list for PBXProject "StuffedIceCream" */;
			compatibilityVersion = "Xcode 8.0";
			developmentRegion = en;
			hasScannedForEncodings = 0;
			knownRegions = (
				en,
				Base,
			);
			mainGroup = BE5F688C20168606006F28EF;
			productRefGroup = BE5F689620168606006F28EF /* Products */;
			projectDirPath = "";
			projectRoot = "";
			targets = (
				BE5F689420168606006F28EF /* StuffedIceCream */,
			);
		};
/* End PBXProject section */

/* Begin PBXResourcesBuildPhase section */
		BE5F689320168606006F28EF /* Resources */ = {
			isa = PBXResourcesBuildPhase;
			buildActionMask = 2147483647;
			files = (
				BE5F68A320168606006F28EF /* LaunchScreen.storyboard in Resources */,
				BE5F68A020168606006F28EF /* Assets.xcassets in Resources */,
				BE0958872017C636005C9901 /* Default-568h@2x.png in Resources */,
			);
			runOnlyForDeploymentPostprocessing = 0;
		};
/* End PBXResourcesBuildPhase section */

/* Begin PBXSourcesBuildPhase section */
		BE5F689120168606006F28EF /* Sources */ = {
			isa = PBXSourcesBuildPhase;
			buildActionMask = 2147483647;
			files = (
				BE5F689B20168606006F28EF /* HomeController.swift in Sources */,
				BE5F68AE201688ED006F28EF /* UIColor+themes.swift in Sources */,
				BE0958852017C1C9005C9901 /* MenuCell.swift in Sources */,
				BE5F689920168606006F28EF /* AppDelegate.swift in Sources */,
				BE5F68B02016A6BF006F28EF /* HomeHeaderCell.swift in Sources */,
				BE09587F2017BB18005C9901 /* MenuLauncher.swift in Sources */,
				BE09587D2016AAC9005C9901 /* HomeHeaderItemCell.swift in Sources */,
				BE5F68B22016A7F6006F28EF /* UIView+layout.swift in Sources */,
				BE5F68AB20168892006F28EF /* StuffedNavController.swift in Sources */,
			);
			runOnlyForDeploymentPostprocessing = 0;
		};
/* End PBXSourcesBuildPhase section */

/* Begin PBXVariantGroup section */
		BE5F68A120168606006F28EF /* LaunchScreen.storyboard */ = {
			isa = PBXVariantGroup;
			children = (
				BE5F68A220168606006F28EF /* Base */,
			);
			name = LaunchScreen.storyboard;
			sourceTree = "<group>";
		};
/* End PBXVariantGroup section */

/* Begin XCBuildConfiguration section */
		BE5F68A520168607006F28EF /* Debug */ = {
			isa = XCBuildConfiguration;
			buildSettings = {
				ALWAYS_SEARCH_USER_PATHS = NO;
				CLANG_ANALYZER_NONNULL = YES;
				CLANG_ANALYZER_NUMBER_OBJECT_CONVERSION = YES_AGGRESSIVE;
				CLANG_CXX_LANGUAGE_STANDARD = "gnu++14";
				CLANG_CXX_LIBRARY = "libc++";
				CLANG_ENABLE_MODULES = YES;
				CLANG_ENABLE_OBJC_ARC = YES;
				CLANG_WARN_BLOCK_CAPTURE_AUTORELEASING = YES;
				CLANG_WARN_BOOL_CONVERSION = YES;
				CLANG_WARN_COMMA = YES;
				CLANG_WARN_CONSTANT_CONVERSION = YES;
				CLANG_WARN_DIRECT_OBJC_ISA_USAGE = YES_ERROR;
				CLANG_WARN_DOCUMENTATION_COMMENTS = YES;
				CLANG_WARN_EMPTY_BODY = YES;
				CLANG_WARN_ENUM_CONVERSION = YES;
				CLANG_WARN_INFINITE_RECURSION = YES;
				CLANG_WARN_INT_CONVERSION = YES;
				CLANG_WARN_NON_LITERAL_NULL_CONVERSION = YES;
				CLANG_WARN_OBJC_LITERAL_CONVERSION = YES;
				CLANG_WARN_OBJC_ROOT_CLASS = YES_ERROR;
				CLANG_WARN_RANGE_LOOP_ANALYSIS = YES;
				CLANG_WARN_STRICT_PROTOTYPES = YES;
				CLANG_WARN_SUSPICIOUS_MOVE = YES;
				CLANG_WARN_UNGUARDED_AVAILABILITY = YES_AGGRESSIVE;
				CLANG_WARN_UNREACHABLE_CODE = YES;
				CLANG_WARN__DUPLICATE_METHOD_MATCH = YES;
				CODE_SIGN_IDENTITY = "iPhone Developer";
				COPY_PHASE_STRIP = NO;
				DEBUG_INFORMATION_FORMAT = dwarf;
				ENABLE_STRICT_OBJC_MSGSEND = YES;
				ENABLE_TESTABILITY = YES;
				GCC_C_LANGUAGE_STANDARD = gnu11;
				GCC_DYNAMIC_NO_PIC = NO;
				GCC_NO_COMMON_BLOCKS = YES;
				GCC_OPTIMIZATION_LEVEL = 0;
				GCC_PREPROCESSOR_DEFINITIONS = (
					"DEBUG=1",
					"$(inherited)",
				);
				GCC_WARN_64_TO_32_BIT_CONVERSION = YES;
				GCC_WARN_ABOUT_RETURN_TYPE = YES_ERROR;
				GCC_WARN_UNDECLARED_SELECTOR = YES;
				GCC_WARN_UNINITIALIZED_AUTOS = YES_AGGRESSIVE;
				GCC_WARN_UNUSED_FUNCTION = YES;
				GCC_WARN_UNUSED_VARIABLE = YES;
				IPHONEOS_DEPLOYMENT_TARGET = 11.2;
				MTL_ENABLE_DEBUG_INFO = YES;
				ONLY_ACTIVE_ARCH = YES;
				SDKROOT = iphoneos;
				SWIFT_ACTIVE_COMPILATION_CONDITIONS = DEBUG;
				SWIFT_OPTIMIZATION_LEVEL = "-Onone";
			};
			name = Debug;
		};
		BE5F68A620168607006F28EF /* Release */ = {
			isa = XCBuildConfiguration;
			buildSettings = {
				ALWAYS_SEARCH_USER_PATHS = NO;
				CLANG_ANALYZER_NONNULL = YES;
				CLANG_ANALYZER_NUMBER_OBJECT_CONVERSION = YES_AGGRESSIVE;
				CLANG_CXX_LANGUAGE_STANDARD = "gnu++14";
				CLANG_CXX_LIBRARY = "libc++";
				CLANG_ENABLE_MODULES = YES;
				CLANG_ENABLE_OBJC_ARC = YES;
				CLANG_WARN_BLOCK_CAPTURE_AUTORELEASING = YES;
				CLANG_WARN_BOOL_CONVERSION = YES;
				CLANG_WARN_COMMA = YES;
				CLANG_WARN_CONSTANT_CONVERSION = YES;
				CLANG_WARN_DIRECT_OBJC_ISA_USAGE = YES_ERROR;
				CLANG_WARN_DOCUMENTATION_COMMENTS = YES;
				CLANG_WARN_EMPTY_BODY = YES;
				CLANG_WARN_ENUM_CONVERSION = YES;
				CLANG_WARN_INFINITE_RECURSION = YES;
				CLANG_WARN_INT_CONVERSION = YES;
				CLANG_WARN_NON_LITERAL_NULL_CONVERSION = YES;
				CLANG_WARN_OBJC_LITERAL_CONVERSION = YES;
				CLANG_WARN_OBJC_ROOT_CLASS = YES_ERROR;
				CLANG_WARN_RANGE_LOOP_ANALYSIS = YES;
				CLANG_WARN_STRICT_PROTOTYPES = YES;
				CLANG_WARN_SUSPICIOUS_MOVE = YES;
				CLANG_WARN_UNGUARDED_AVAILABILITY = YES_AGGRESSIVE;
				CLANG_WARN_UNREACHABLE_CODE = YES;
				CLANG_WARN__DUPLICATE_METHOD_MATCH = YES;
				CODE_SIGN_IDENTITY = "iPhone Developer";
				COPY_PHASE_STRIP = NO;
				DEBUG_INFORMATION_FORMAT = "dwarf-with-dsym";
				ENABLE_NS_ASSERTIONS = NO;
				ENABLE_STRICT_OBJC_MSGSEND = YES;
				GCC_C_LANGUAGE_STANDARD = gnu11;
				GCC_NO_COMMON_BLOCKS = YES;
				GCC_WARN_64_TO_32_BIT_CONVERSION = YES;
				GCC_WARN_ABOUT_RETURN_TYPE = YES_ERROR;
				GCC_WARN_UNDECLARED_SELECTOR = YES;
				GCC_WARN_UNINITIALIZED_AUTOS = YES_AGGRESSIVE;
				GCC_WARN_UNUSED_FUNCTION = YES;
				GCC_WARN_UNUSED_VARIABLE = YES;
				IPHONEOS_DEPLOYMENT_TARGET = 11.2;
				MTL_ENABLE_DEBUG_INFO = NO;
				SDKROOT = iphoneos;
				SWIFT_OPTIMIZATION_LEVEL = "-Owholemodule";
				VALIDATE_PRODUCT = YES;
			};
			name = Release;
		};
		BE5F68A820168607006F28EF /* Debug */ = {
			isa = XCBuildConfiguration;
			buildSettings = {
				ASSETCATALOG_COMPILER_APPICON_NAME = AppIcon;
				CODE_SIGN_STYLE = Automatic;
				DEVELOPMENT_TEAM = RP6364VX67;
				INFOPLIST_FILE = StuffedIceCream/Info.plist;
				LD_RUNPATH_SEARCH_PATHS = "$(inherited) @executable_path/Frameworks";
				PRODUCT_BUNDLE_IDENTIFIER = ByEldon.StuffedIceCream;
				PRODUCT_NAME = "$(TARGET_NAME)";
				SWIFT_VERSION = 4.0;
				TARGETED_DEVICE_FAMILY = "1,2";
			};
			name = Debug;
		};
		BE5F68A920168607006F28EF /* Release */ = {
			isa = XCBuildConfiguration;
			buildSettings = {
				ASSETCATALOG_COMPILER_APPICON_NAME = AppIcon;
				CODE_SIGN_STYLE = Automatic;
				DEVELOPMENT_TEAM = RP6364VX67;
				INFOPLIST_FILE = StuffedIceCream/Info.plist;
				LD_RUNPATH_SEARCH_PATHS = "$(inherited) @executable_path/Frameworks";
				PRODUCT_BUNDLE_IDENTIFIER = ByEldon.StuffedIceCream;
				PRODUCT_NAME = "$(TARGET_NAME)";
				SWIFT_VERSION = 4.0;
				TARGETED_DEVICE_FAMILY = "1,2";
			};
			name = Release;
		};
/* End XCBuildConfiguration section */

/* Begin XCConfigurationList section */
		BE5F689020168606006F28EF /* Build configuration list for PBXProject "StuffedIceCream" */ = {
			isa = XCConfigurationList;
			buildConfigurations = (
				BE5F68A520168607006F28EF /* Debug */,
				BE5F68A620168607006F28EF /* Release */,
			);
			defaultConfigurationIsVisible = 0;
			defaultConfigurationName = Release;
		};
		BE5F68A720168607006F28EF /* Build configuration list for PBXNativeTarget "StuffedIceCream" */ = {
			isa = XCConfigurationList;
			buildConfigurations = (
				BE5F68A820168607006F28EF /* Debug */,
				BE5F68A920168607006F28EF /* Release */,
			);
			defaultConfigurationIsVisible = 0;
			defaultConfigurationName = Release;
		};
/* End XCConfigurationList section */
	};
	rootObject = BE5F688D20168606006F28EF /* Project object */;
}
