// !$*UTF8*$!
{
	archiveVersion = 1;
	classes = {
	};
	objectVersion = 48;
	objects = {

/* Begin PBXBuildFile section */
		4FE93E165CCFF53F43E7DC4F /* Pods_StuffedIceCream.framework in Frameworks */ = {isa = PBXBuildFile; fileRef = CFC260D46FDBB2D4409CEABA /* Pods_StuffedIceCream.framework */; };
		BE09587D2016AAC9005C9901 /* HomeHeaderItemCell.swift in Sources */ = {isa = PBXBuildFile; fileRef = BE09587C2016AAC9005C9901 /* HomeHeaderItemCell.swift */; };
		BE09587F2017BB18005C9901 /* MenuLauncher.swift in Sources */ = {isa = PBXBuildFile; fileRef = BE09587E2017BB18005C9901 /* MenuLauncher.swift */; };
		BE0958852017C1C9005C9901 /* SideMenuCell.swift in Sources */ = {isa = PBXBuildFile; fileRef = BE0958842017C1C9005C9901 /* SideMenuCell.swift */; };
		BE0958872017C636005C9901 /* Default-568h@2x.png in Resources */ = {isa = PBXBuildFile; fileRef = BE0958862017C636005C9901 /* Default-568h@2x.png */; };
		BE09588A2017CA5C005C9901 /* MenuItem.swift in Sources */ = {isa = PBXBuildFile; fileRef = BE0958892017CA5C005C9901 /* MenuItem.swift */; };
		BE09588C2017DC03005C9901 /* AboutController.swift in Sources */ = {isa = PBXBuildFile; fileRef = BE09588B2017DC03005C9901 /* AboutController.swift */; };
		BE0958902018FE97005C9901 /* AboutHeaderCell.swift in Sources */ = {isa = PBXBuildFile; fileRef = BE09588F2018FE97005C9901 /* AboutHeaderCell.swift */; };
		BE0958922019231D005C9901 /* AboutFounderCell.swift in Sources */ = {isa = PBXBuildFile; fileRef = BE0958912019231D005C9901 /* AboutFounderCell.swift */; };
		BE0958942019361A005C9901 /* Founder.swift in Sources */ = {isa = PBXBuildFile; fileRef = BE0958932019361A005C9901 /* Founder.swift */; };
		BE095896201A73AF005C9901 /* MenuController.swift in Sources */ = {isa = PBXBuildFile; fileRef = BE095895201A73AF005C9901 /* MenuController.swift */; };
		BE095898201B98F5005C9901 /* MenuCategoryCell.swift in Sources */ = {isa = PBXBuildFile; fileRef = BE095897201B98F5005C9901 /* MenuCategoryCell.swift */; };
		BE09589A201BA29C005C9901 /* MenuItemCell.swift in Sources */ = {isa = PBXBuildFile; fileRef = BE095899201BA29C005C9901 /* MenuItemCell.swift */; };
		BE09589C201BD30B005C9901 /* CateringController.swift in Sources */ = {isa = PBXBuildFile; fileRef = BE09589B201BD30B005C9901 /* CateringController.swift */; };
		BE446FDC2020F18E0064C527 /* StuffedTextField.swift in Sources */ = {isa = PBXBuildFile; fileRef = BE446FDB2020F18E0064C527 /* StuffedTextField.swift */; };
		BE446FE420224B630064C527 /* MailgunInfo.swift in Sources */ = {isa = PBXBuildFile; fileRef = BE446FE320224B630064C527 /* MailgunInfo.swift */; };
		BE446FE620225DD60064C527 /* RegexRule+rules.swift in Sources */ = {isa = PBXBuildFile; fileRef = BE446FE520225DD60064C527 /* RegexRule+rules.swift */; };
		BE5F689920168606006F28EF /* AppDelegate.swift in Sources */ = {isa = PBXBuildFile; fileRef = BE5F689820168606006F28EF /* AppDelegate.swift */; };
		BE5F689B20168606006F28EF /* HomeController.swift in Sources */ = {isa = PBXBuildFile; fileRef = BE5F689A20168606006F28EF /* HomeController.swift */; };
		BE5F68A020168606006F28EF /* Assets.xcassets in Resources */ = {isa = PBXBuildFile; fileRef = BE5F689F20168606006F28EF /* Assets.xcassets */; };
		BE5F68A320168606006F28EF /* LaunchScreen.storyboard in Resources */ = {isa = PBXBuildFile; fileRef = BE5F68A120168606006F28EF /* LaunchScreen.storyboard */; };
		BE5F68AB20168892006F28EF /* StuffedNavController.swift in Sources */ = {isa = PBXBuildFile; fileRef = BE5F68AA20168892006F28EF /* StuffedNavController.swift */; };
		BE5F68AE201688ED006F28EF /* UIColor+themes.swift in Sources */ = {isa = PBXBuildFile; fileRef = BE5F68AD201688ED006F28EF /* UIColor+themes.swift */; };
		BE5F68B02016A6BF006F28EF /* HomeHeaderCell.swift in Sources */ = {isa = PBXBuildFile; fileRef = BE5F68AF2016A6BF006F28EF /* HomeHeaderCell.swift */; };
		BE5F68B22016A7F6006F28EF /* UIView+layout.swift in Sources */ = {isa = PBXBuildFile; fileRef = BE5F68B12016A7F6006F28EF /* UIView+layout.swift */; };
		BED56F842023820500ABF855 /* UIFont+style.swift in Sources */ = {isa = PBXBuildFile; fileRef = BED56F832023820400ABF855 /* UIFont+style.swift */; };
/* End PBXBuildFile section */

/* Begin PBXFileReference section */
		AB332EA63AB457135675594A /* Pods-StuffedIceCream.debug.xcconfig */ = {isa = PBXFileReference; includeInIndex = 1; lastKnownFileType = text.xcconfig; name = "Pods-StuffedIceCream.debug.xcconfig"; path = "Pods/Target Support Files/Pods-StuffedIceCream/Pods-StuffedIceCream.debug.xcconfig"; sourceTree = "<group>"; };
		BE09587C2016AAC9005C9901 /* HomeHeaderItemCell.swift */ = {isa = PBXFileReference; lastKnownFileType = sourcecode.swift; path = HomeHeaderItemCell.swift; sourceTree = "<group>"; };
		BE09587E2017BB18005C9901 /* MenuLauncher.swift */ = {isa = PBXFileReference; lastKnownFileType = sourcecode.swift; path = MenuLauncher.swift; sourceTree = "<group>"; };
		BE0958842017C1C9005C9901 /* SideMenuCell.swift */ = {isa = PBXFileReference; lastKnownFileType = sourcecode.swift; path = SideMenuCell.swift; sourceTree = "<group>"; };
		BE0958862017C636005C9901 /* Default-568h@2x.png */ = {isa = PBXFileReference; lastKnownFileType = image.png; path = "Default-568h@2x.png"; sourceTree = "<group>"; };
		BE0958892017CA5C005C9901 /* MenuItem.swift */ = {isa = PBXFileReference; lastKnownFileType = sourcecode.swift; path = MenuItem.swift; sourceTree = "<group>"; };
		BE09588B2017DC03005C9901 /* AboutController.swift */ = {isa = PBXFileReference; lastKnownFileType = sourcecode.swift; path = AboutController.swift; sourceTree = "<group>"; };
		BE09588F2018FE97005C9901 /* AboutHeaderCell.swift */ = {isa = PBXFileReference; lastKnownFileType = sourcecode.swift; path = AboutHeaderCell.swift; sourceTree = "<group>"; };
		BE0958912019231D005C9901 /* AboutFounderCell.swift */ = {isa = PBXFileReference; lastKnownFileType = sourcecode.swift; path = AboutFounderCell.swift; sourceTree = "<group>"; };
		BE0958932019361A005C9901 /* Founder.swift */ = {isa = PBXFileReference; lastKnownFileType = sourcecode.swift; path = Founder.swift; sourceTree = "<group>"; };
		BE095895201A73AF005C9901 /* MenuController.swift */ = {isa = PBXFileReference; lastKnownFileType = sourcecode.swift; path = MenuController.swift; sourceTree = "<group>"; };
		BE095897201B98F5005C9901 /* MenuCategoryCell.swift */ = {isa = PBXFileReference; lastKnownFileType = sourcecode.swift; path = MenuCategoryCell.swift; sourceTree = "<group>"; };
		BE095899201BA29C005C9901 /* MenuItemCell.swift */ = {isa = PBXFileReference; lastKnownFileType = sourcecode.swift; path = MenuItemCell.swift; sourceTree = "<group>"; };
		BE09589B201BD30B005C9901 /* CateringController.swift */ = {isa = PBXFileReference; lastKnownFileType = sourcecode.swift; path = CateringController.swift; sourceTree = "<group>"; };
		BE446FDB2020F18E0064C527 /* StuffedTextField.swift */ = {isa = PBXFileReference; lastKnownFileType = sourcecode.swift; path = StuffedTextField.swift; sourceTree = "<group>"; };
		BE446FE320224B630064C527 /* MailgunInfo.swift */ = {isa = PBXFileReference; lastKnownFileType = sourcecode.swift; path = MailgunInfo.swift; sourceTree = "<group>"; };
		BE446FE520225DD60064C527 /* RegexRule+rules.swift */ = {isa = PBXFileReference; lastKnownFileType = sourcecode.swift; path = "RegexRule+rules.swift"; sourceTree = "<group>"; };
		BE5F689520168606006F28EF /* StuffedIceCream.app */ = {isa = PBXFileReference; explicitFileType = wrapper.application; includeInIndex = 0; path = StuffedIceCream.app; sourceTree = BUILT_PRODUCTS_DIR; };
		BE5F689820168606006F28EF /* AppDelegate.swift */ = {isa = PBXFileReference; lastKnownFileType = sourcecode.swift; path = AppDelegate.swift; sourceTree = "<group>"; };
		BE5F689A20168606006F28EF /* HomeController.swift */ = {isa = PBXFileReference; lastKnownFileType = sourcecode.swift; path = HomeController.swift; sourceTree = "<group>"; };
		BE5F689F20168606006F28EF /* Assets.xcassets */ = {isa = PBXFileReference; lastKnownFileType = folder.assetcatalog; path = Assets.xcassets; sourceTree = "<group>"; };
		BE5F68A220168606006F28EF /* Base */ = {isa = PBXFileReference; lastKnownFileType = file.storyboard; name = Base; path = Base.lproj/LaunchScreen.storyboard; sourceTree = "<group>"; };
		BE5F68A420168607006F28EF /* Info.plist */ = {isa = PBXFileReference; lastKnownFileType = text.plist.xml; path = Info.plist; sourceTree = "<group>"; };
		BE5F68AA20168892006F28EF /* StuffedNavController.swift */ = {isa = PBXFileReference; lastKnownFileType = sourcecode.swift; path = StuffedNavController.swift; sourceTree = "<group>"; };
		BE5F68AD201688ED006F28EF /* UIColor+themes.swift */ = {isa = PBXFileReference; lastKnownFileType = sourcecode.swift; path = "UIColor+themes.swift"; sourceTree = "<group>"; };
		BE5F68AF2016A6BF006F28EF /* HomeHeaderCell.swift */ = {isa = PBXFileReference; lastKnownFileType = sourcecode.swift; path = HomeHeaderCell.swift; sourceTree = "<group>"; };
		BE5F68B12016A7F6006F28EF /* UIView+layout.swift */ = {isa = PBXFileReference; lastKnownFileType = sourcecode.swift; path = "UIView+layout.swift"; sourceTree = "<group>"; };
		BED56F832023820400ABF855 /* UIFont+style.swift */ = {isa = PBXFileReference; lastKnownFileType = sourcecode.swift; path = "UIFont+style.swift"; sourceTree = "<group>"; };
		CC7B7F69892AB36716877765 /* Pods-StuffedIceCream.release.xcconfig */ = {isa = PBXFileReference; includeInIndex = 1; lastKnownFileType = text.xcconfig; name = "Pods-StuffedIceCream.release.xcconfig"; path = "Pods/Target Support Files/Pods-StuffedIceCream/Pods-StuffedIceCream.release.xcconfig"; sourceTree = "<group>"; };
		CFC260D46FDBB2D4409CEABA /* Pods_StuffedIceCream.framework */ = {isa = PBXFileReference; explicitFileType = wrapper.framework; includeInIndex = 0; path = Pods_StuffedIceCream.framework; sourceTree = BUILT_PRODUCTS_DIR; };
/* End PBXFileReference section */

/* Begin PBXFrameworksBuildPhase section */
		BE5F689220168606006F28EF /* Frameworks */ = {
			isa = PBXFrameworksBuildPhase;
			buildActionMask = 2147483647;
			files = (
				4FE93E165CCFF53F43E7DC4F /* Pods_StuffedIceCream.framework in Frameworks */,
			);
			runOnlyForDeploymentPostprocessing = 0;
		};
/* End PBXFrameworksBuildPhase section */

/* Begin PBXGroup section */
		561404CFAF0C2D9309FB74E8 /* Frameworks */ = {
			isa = PBXGroup;
			children = (
				CFC260D46FDBB2D4409CEABA /* Pods_StuffedIceCream.framework */,
			);
			name = Frameworks;
			sourceTree = "<group>";
		};
		8C780064486174FD3130148B /* Pods */ = {
			isa = PBXGroup;
			children = (
				AB332EA63AB457135675594A /* Pods-StuffedIceCream.debug.xcconfig */,
				CC7B7F69892AB36716877765 /* Pods-StuffedIceCream.release.xcconfig */,
			);
			name = Pods;
			sourceTree = "<group>";
		};
		BE0958802017BED1005C9901 /* Controllers */ = {
			isa = PBXGroup;
			children = (
				BE09587E2017BB18005C9901 /* MenuLauncher.swift */,
				BE5F68AA20168892006F28EF /* StuffedNavController.swift */,
				BE5F689A20168606006F28EF /* HomeController.swift */,
				BE09588B2017DC03005C9901 /* AboutController.swift */,
				BE095895201A73AF005C9901 /* MenuController.swift */,
				BE09589B201BD30B005C9901 /* CateringController.swift */,
			);
			path = Controllers;
			sourceTree = "<group>";
		};
		BE0958812017BEE6005C9901 /* Views */ = {
			isa = PBXGroup;
			children = (
				BE09587C2016AAC9005C9901 /* HomeHeaderItemCell.swift */,
				BE5F68AF2016A6BF006F28EF /* HomeHeaderCell.swift */,
				BE0958842017C1C9005C9901 /* SideMenuCell.swift */,
				BE09588F2018FE97005C9901 /* AboutHeaderCell.swift */,
				BE0958912019231D005C9901 /* AboutFounderCell.swift */,
				BE095897201B98F5005C9901 /* MenuCategoryCell.swift */,
				BE095899201BA29C005C9901 /* MenuItemCell.swift */,
				BE446FDB2020F18E0064C527 /* StuffedTextField.swift */,
			);
			path = Views;
			sourceTree = "<group>";
		};
		BE0958822017BEF3005C9901 /* Extensions */ = {
			isa = PBXGroup;
			children = (
				BE5F68AD201688ED006F28EF /* UIColor+themes.swift */,
				BE5F68B12016A7F6006F28EF /* UIView+layout.swift */,
				BED56F832023820400ABF855 /* UIFont+style.swift */,
			);
			path = Extensions;
			sourceTree = "<group>";
		};
		BE0958832017BF00005C9901 /* Resources */ = {
			isa = PBXGroup;
			children = (
				BE5F689F20168606006F28EF /* Assets.xcassets */,
				BE5F68A120168606006F28EF /* LaunchScreen.storyboard */,
				BE5F689820168606006F28EF /* AppDelegate.swift */,
				BE446FE320224B630064C527 /* MailgunInfo.swift */,
				BE446FE520225DD60064C527 /* RegexRule+rules.swift */,
			);
			path = Resources;
			sourceTree = "<group>";
		};
		BE0958882017CA4B005C9901 /* Model */ = {
			isa = PBXGroup;
			children = (
				BE0958892017CA5C005C9901 /* MenuItem.swift */,
				BE0958932019361A005C9901 /* Founder.swift */,
			);
			path = Model;
			sourceTree = "<group>";
		};
		BE5F688C20168606006F28EF = {
			isa = PBXGroup;
			children = (
				BE5F689720168606006F28EF /* StuffedIceCream */,
				BE5F689620168606006F28EF /* Products */,
				8C780064486174FD3130148B /* Pods */,
				561404CFAF0C2D9309FB74E8 /* Frameworks */,
			);
			sourceTree = "<group>";
		};
		BE5F689620168606006F28EF /* Products */ = {
			isa = PBXGroup;
			children = (
				BE5F689520168606006F28EF /* StuffedIceCream.app */,
			);
			name = Products;
			sourceTree = "<group>";
		};
		BE5F689720168606006F28EF /* StuffedIceCream */ = {
			isa = PBXGroup;
			children = (
				BE5F68A420168607006F28EF /* Info.plist */,
				BE0958862017C636005C9901 /* Default-568h@2x.png */,
				BE0958882017CA4B005C9901 /* Model */,
				BE0958832017BF00005C9901 /* Resources */,
				BE0958822017BEF3005C9901 /* Extensions */,
				BE0958812017BEE6005C9901 /* Views */,
				BE0958802017BED1005C9901 /* Controllers */,
			);
			path = StuffedIceCream;
			sourceTree = "<group>";
		};
/* End PBXGroup section */

/* Begin PBXNativeTarget section */
		BE5F689420168606006F28EF /* StuffedIceCream */ = {
			isa = PBXNativeTarget;
			buildConfigurationList = BE5F68A720168607006F28EF /* Build configuration list for PBXNativeTarget "StuffedIceCream" */;
			buildPhases = (
				A67EFD0ABF2818D5B3FD98FA /* [CP] Check Pods Manifest.lock */,
				BE5F689120168606006F28EF /* Sources */,
				BE5F689220168606006F28EF /* Frameworks */,
				BE5F689320168606006F28EF /* Resources */,
				C8C02BD40E9583FBFCFD06A0 /* [CP] Embed Pods Frameworks */,
				4765C098261982EF2606F994 /* [CP] Copy Pods Resources */,
			);
			buildRules = (
			);
			dependencies = (
			);
			name = StuffedIceCream;
			productName = StuffedIceCream;
			productReference = BE5F689520168606006F28EF /* StuffedIceCream.app */;
			productType = "com.apple.product-type.application";
		};
/* End PBXNativeTarget section */

/* Begin PBXProject section */
		BE5F688D20168606006F28EF /* Project object */ = {
			isa = PBXProject;
			attributes = {
				LastSwiftUpdateCheck = 0920;
				LastUpgradeCheck = 0920;
				ORGANIZATIONNAME = ByEldon;
				TargetAttributes = {
					BE5F689420168606006F28EF = {
						CreatedOnToolsVersion = 9.2;
						ProvisioningStyle = Automatic;
					};
				};
			};
			buildConfigurationList = BE5F689020168606006F28EF /* Build configuration list for PBXProject "StuffedIceCream" */;
			compatibilityVersion = "Xcode 8.0";
			developmentRegion = en;
			hasScannedForEncodings = 0;
			knownRegions = (
				en,
				Base,
			);
			mainGroup = BE5F688C20168606006F28EF;
			productRefGroup = BE5F689620168606006F28EF /* Products */;
			projectDirPath = "";
			projectRoot = "";
			targets = (
				BE5F689420168606006F28EF /* StuffedIceCream */,
			);
		};
/* End PBXProject section */

/* Begin PBXResourcesBuildPhase section */
		BE5F689320168606006F28EF /* Resources */ = {
			isa = PBXResourcesBuildPhase;
			buildActionMask = 2147483647;
			files = (
				BE5F68A320168606006F28EF /* LaunchScreen.storyboard in Resources */,
				BE5F68A020168606006F28EF /* Assets.xcassets in Resources */,
				BE0958872017C636005C9901 /* Default-568h@2x.png in Resources */,
			);
			runOnlyForDeploymentPostprocessing = 0;
		};
/* End PBXResourcesBuildPhase section */

/* Begin PBXShellScriptBuildPhase section */
		4765C098261982EF2606F994 /* [CP] Copy Pods Resources */ = {
			isa = PBXShellScriptBuildPhase;
			buildActionMask = 2147483647;
			files = (
			);
			inputPaths = (
			);
			name = "[CP] Copy Pods Resources";
			outputPaths = (
			);
			runOnlyForDeploymentPostprocessing = 0;
			shellPath = /bin/sh;
			shellScript = "\"${SRCROOT}/Pods/Target Support Files/Pods-StuffedIceCream/Pods-StuffedIceCream-resources.sh\"\n";
			showEnvVarsInLog = 0;
		};
		A67EFD0ABF2818D5B3FD98FA /* [CP] Check Pods Manifest.lock */ = {
			isa = PBXShellScriptBuildPhase;
			buildActionMask = 2147483647;
			files = (
			);
			inputPaths = (
			);
			name = "[CP] Check Pods Manifest.lock";
			outputPaths = (
			);
			runOnlyForDeploymentPostprocessing = 0;
			shellPath = /bin/sh;
			shellScript = "diff \"${PODS_ROOT}/../Podfile.lock\" \"${PODS_ROOT}/Manifest.lock\" > /dev/null\nif [ $? != 0 ] ; then\n    # print error to STDERR\n    echo \"error: The sandbox is not in sync with the Podfile.lock. Run 'pod install' or update your CocoaPods installation.\" >&2\n    exit 1\nfi\n";
			showEnvVarsInLog = 0;
		};
		C8C02BD40E9583FBFCFD06A0 /* [CP] Embed Pods Frameworks */ = {
			isa = PBXShellScriptBuildPhase;
			buildActionMask = 2147483647;
			files = (
			);
			inputPaths = (
			);
			name = "[CP] Embed Pods Frameworks";
			outputPaths = (
			);
			runOnlyForDeploymentPostprocessing = 0;
			shellPath = /bin/sh;
			shellScript = "\"${SRCROOT}/Pods/Target Support Files/Pods-StuffedIceCream/Pods-StuffedIceCream-frameworks.sh\"\n";
			showEnvVarsInLog = 0;
		};
/* End PBXShellScriptBuildPhase section */

/* Begin PBXSourcesBuildPhase section */
		BE5F689120168606006F28EF /* Sources */ = {
			isa = PBXSourcesBuildPhase;
			buildActionMask = 2147483647;
			files = (
				BE5F689B20168606006F28EF /* HomeController.swift in Sources */,
				BE5F68AE201688ED006F28EF /* UIColor+themes.swift in Sources */,
				BE0958852017C1C9005C9901 /* SideMenuCell.swift in Sources */,
				BE5F689920168606006F28EF /* AppDelegate.swift in Sources */,
				BE095898201B98F5005C9901 /* MenuCategoryCell.swift in Sources */,
				BE09589A201BA29C005C9901 /* MenuItemCell.swift in Sources */,
				BE446FE620225DD60064C527 /* RegexRule+rules.swift in Sources */,
				BE5F68B02016A6BF006F28EF /* HomeHeaderCell.swift in Sources */,
				BE446FDC2020F18E0064C527 /* StuffedTextField.swift in Sources */,
				BE0958942019361A005C9901 /* Founder.swift in Sources */,
				BED56F842023820500ABF855 /* UIFont+style.swift in Sources */,
				BE09588A2017CA5C005C9901 /* MenuItem.swift in Sources */,
				BE09587F2017BB18005C9901 /* MenuLauncher.swift in Sources */,
				BE09587D2016AAC9005C9901 /* HomeHeaderItemCell.swift in Sources */,
				BE0958902018FE97005C9901 /* AboutHeaderCell.swift in Sources */,
				BE095896201A73AF005C9901 /* MenuController.swift in Sources */,
				BE5F68B22016A7F6006F28EF /* UIView+layout.swift in Sources */,
				BE0958922019231D005C9901 /* AboutFounderCell.swift in Sources */,
				BE5F68AB20168892006F28EF /* StuffedNavController.swift in Sources */,
				BE446FE420224B630064C527 /* MailgunInfo.swift in Sources */,
				BE09589C201BD30B005C9901 /* CateringController.swift in Sources */,
				BE09588C2017DC03005C9901 /* AboutController.swift in Sources */,
			);
			runOnlyForDeploymentPostprocessing = 0;
		};
/* End PBXSourcesBuildPhase section */

/* Begin PBXVariantGroup section */
		BE5F68A120168606006F28EF /* LaunchScreen.storyboard */ = {
			isa = PBXVariantGroup;
			children = (
				BE5F68A220168606006F28EF /* Base */,
			);
			name = LaunchScreen.storyboard;
			sourceTree = "<group>";
		};
/* End PBXVariantGroup section */

/* Begin XCBuildConfiguration section */
		BE5F68A520168607006F28EF /* Debug */ = {
			isa = XCBuildConfiguration;
			buildSettings = {
				ALWAYS_SEARCH_USER_PATHS = NO;
				CLANG_ANALYZER_NONNULL = YES;
				CLANG_ANALYZER_NUMBER_OBJECT_CONVERSION = YES_AGGRESSIVE;
				CLANG_CXX_LANGUAGE_STANDARD = "gnu++14";
				CLANG_CXX_LIBRARY = "libc++";
				CLANG_ENABLE_MODULES = YES;
				CLANG_ENABLE_OBJC_ARC = YES;
				CLANG_WARN_BLOCK_CAPTURE_AUTORELEASING = YES;
				CLANG_WARN_BOOL_CONVERSION = YES;
				CLANG_WARN_COMMA = YES;
				CLANG_WARN_CONSTANT_CONVERSION = YES;
				CLANG_WARN_DIRECT_OBJC_ISA_USAGE = YES_ERROR;
				CLANG_WARN_DOCUMENTATION_COMMENTS = YES;
				CLANG_WARN_EMPTY_BODY = YES;
				CLANG_WARN_ENUM_CONVERSION = YES;
				CLANG_WARN_INFINITE_RECURSION = YES;
				CLANG_WARN_INT_CONVERSION = YES;
				CLANG_WARN_NON_LITERAL_NULL_CONVERSION = YES;
				CLANG_WARN_OBJC_LITERAL_CONVERSION = YES;
				CLANG_WARN_OBJC_ROOT_CLASS = YES_ERROR;
				CLANG_WARN_RANGE_LOOP_ANALYSIS = YES;
				CLANG_WARN_STRICT_PROTOTYPES = YES;
				CLANG_WARN_SUSPICIOUS_MOVE = YES;
				CLANG_WARN_UNGUARDED_AVAILABILITY = YES_AGGRESSIVE;
				CLANG_WARN_UNREACHABLE_CODE = YES;
				CLANG_WARN__DUPLICATE_METHOD_MATCH = YES;
				CODE_SIGN_IDENTITY = "iPhone Developer";
				COPY_PHASE_STRIP = NO;
				DEBUG_INFORMATION_FORMAT = dwarf;
				ENABLE_STRICT_OBJC_MSGSEND = YES;
				ENABLE_TESTABILITY = YES;
				GCC_C_LANGUAGE_STANDARD = gnu11;
				GCC_DYNAMIC_NO_PIC = NO;
				GCC_NO_COMMON_BLOCKS = YES;
				GCC_OPTIMIZATION_LEVEL = 0;
				GCC_PREPROCESSOR_DEFINITIONS = (
					"DEBUG=1",
					"$(inherited)",
				);
				GCC_WARN_64_TO_32_BIT_CONVERSION = YES;
				GCC_WARN_ABOUT_RETURN_TYPE = YES_ERROR;
				GCC_WARN_UNDECLARED_SELECTOR = YES;
				GCC_WARN_UNINITIALIZED_AUTOS = YES_AGGRESSIVE;
				GCC_WARN_UNUSED_FUNCTION = YES;
				GCC_WARN_UNUSED_VARIABLE = YES;
				IPHONEOS_DEPLOYMENT_TARGET = 11.2;
				MTL_ENABLE_DEBUG_INFO = YES;
				ONLY_ACTIVE_ARCH = YES;
				SDKROOT = iphoneos;
				SWIFT_ACTIVE_COMPILATION_CONDITIONS = DEBUG;
				SWIFT_OPTIMIZATION_LEVEL = "-Onone";
			};
			name = Debug;
		};
		BE5F68A620168607006F28EF /* Release */ = {
			isa = XCBuildConfiguration;
			buildSettings = {
				ALWAYS_SEARCH_USER_PATHS = NO;
				CLANG_ANALYZER_NONNULL = YES;
				CLANG_ANALYZER_NUMBER_OBJECT_CONVERSION = YES_AGGRESSIVE;
				CLANG_CXX_LANGUAGE_STANDARD = "gnu++14";
				CLANG_CXX_LIBRARY = "libc++";
				CLANG_ENABLE_MODULES = YES;
				CLANG_ENABLE_OBJC_ARC = YES;
				CLANG_WARN_BLOCK_CAPTURE_AUTORELEASING = YES;
				CLANG_WARN_BOOL_CONVERSION = YES;
				CLANG_WARN_COMMA = YES;
				CLANG_WARN_CONSTANT_CONVERSION = YES;
				CLANG_WARN_DIRECT_OBJC_ISA_USAGE = YES_ERROR;
				CLANG_WARN_DOCUMENTATION_COMMENTS = YES;
				CLANG_WARN_EMPTY_BODY = YES;
				CLANG_WARN_ENUM_CONVERSION = YES;
				CLANG_WARN_INFINITE_RECURSION = YES;
				CLANG_WARN_INT_CONVERSION = YES;
				CLANG_WARN_NON_LITERAL_NULL_CONVERSION = YES;
				CLANG_WARN_OBJC_LITERAL_CONVERSION = YES;
				CLANG_WARN_OBJC_ROOT_CLASS = YES_ERROR;
				CLANG_WARN_RANGE_LOOP_ANALYSIS = YES;
				CLANG_WARN_STRICT_PROTOTYPES = YES;
				CLANG_WARN_SUSPICIOUS_MOVE = YES;
				CLANG_WARN_UNGUARDED_AVAILABILITY = YES_AGGRESSIVE;
				CLANG_WARN_UNREACHABLE_CODE = YES;
				CLANG_WARN__DUPLICATE_METHOD_MATCH = YES;
				CODE_SIGN_IDENTITY = "iPhone Developer";
				COPY_PHASE_STRIP = NO;
				DEBUG_INFORMATION_FORMAT = "dwarf-with-dsym";
				ENABLE_NS_ASSERTIONS = NO;
				ENABLE_STRICT_OBJC_MSGSEND = YES;
				GCC_C_LANGUAGE_STANDARD = gnu11;
				GCC_NO_COMMON_BLOCKS = YES;
				GCC_WARN_64_TO_32_BIT_CONVERSION = YES;
				GCC_WARN_ABOUT_RETURN_TYPE = YES_ERROR;
				GCC_WARN_UNDECLARED_SELECTOR = YES;
				GCC_WARN_UNINITIALIZED_AUTOS = YES_AGGRESSIVE;
				GCC_WARN_UNUSED_FUNCTION = YES;
				GCC_WARN_UNUSED_VARIABLE = YES;
				IPHONEOS_DEPLOYMENT_TARGET = 11.2;
				MTL_ENABLE_DEBUG_INFO = NO;
				SDKROOT = iphoneos;
				SWIFT_OPTIMIZATION_LEVEL = "-Owholemodule";
				VALIDATE_PRODUCT = YES;
			};
			name = Release;
		};
		BE5F68A820168607006F28EF /* Debug */ = {
			isa = XCBuildConfiguration;
			baseConfigurationReference = AB332EA63AB457135675594A /* Pods-StuffedIceCream.debug.xcconfig */;
			buildSettings = {
				ASSETCATALOG_COMPILER_APPICON_NAME = AppIcon;
				CODE_SIGN_STYLE = Automatic;
				DEVELOPMENT_TEAM = RP6364VX67;
				INFOPLIST_FILE = StuffedIceCream/Info.plist;
				LD_RUNPATH_SEARCH_PATHS = "$(inherited) @executable_path/Frameworks";
				PRODUCT_BUNDLE_IDENTIFIER = ByEldon.StuffedIceCream;
				PRODUCT_NAME = "$(TARGET_NAME)";
				SWIFT_VERSION = 4.0;
				TARGETED_DEVICE_FAMILY = "1,2";
			};
			name = Debug;
		};
		BE5F68A920168607006F28EF /* Release */ = {
			isa = XCBuildConfiguration;
			baseConfigurationReference = CC7B7F69892AB36716877765 /* Pods-StuffedIceCream.release.xcconfig */;
			buildSettings = {
				ASSETCATALOG_COMPILER_APPICON_NAME = AppIcon;
				CODE_SIGN_STYLE = Automatic;
				DEVELOPMENT_TEAM = RP6364VX67;
				INFOPLIST_FILE = StuffedIceCream/Info.plist;
				LD_RUNPATH_SEARCH_PATHS = "$(inherited) @executable_path/Frameworks";
				PRODUCT_BUNDLE_IDENTIFIER = ByEldon.StuffedIceCream;
				PRODUCT_NAME = "$(TARGET_NAME)";
				SWIFT_VERSION = 4.0;
				TARGETED_DEVICE_FAMILY = "1,2";
			};
			name = Release;
		};
/* End XCBuildConfiguration section */

/* Begin XCConfigurationList section */
		BE5F689020168606006F28EF /* Build configuration list for PBXProject "StuffedIceCream" */ = {
			isa = XCConfigurationList;
			buildConfigurations = (
				BE5F68A520168607006F28EF /* Debug */,
				BE5F68A620168607006F28EF /* Release */,
			);
			defaultConfigurationIsVisible = 0;
			defaultConfigurationName = Release;
		};
		BE5F68A720168607006F28EF /* Build configuration list for PBXNativeTarget "StuffedIceCream" */ = {
			isa = XCConfigurationList;
			buildConfigurations = (
				BE5F68A820168607006F28EF /* Debug */,
				BE5F68A920168607006F28EF /* Release */,
			);
			defaultConfigurationIsVisible = 0;
			defaultConfigurationName = Release;
		};
/* End XCConfigurationList section */
	};
	rootObject = BE5F688D20168606006F28EF /* Project object */;
}
